
Microsoft Visual Studio Solution File, Format Version 12.00
# Visual Studio 15
VisualStudioVersion = 15.0.28307.960
MinimumVisualStudioVersion = 10.0.40219.1
Project("{FAE04EC0-301F-11D3-BF4B-00C04F79EFBC}") = "SuperMarioConsole", "SuperMarioConsole\SuperMarioConsole.csproj", "{96B185EC-C871-48DB-BAA1-EBA5C1946A75}"
EndProject
Global
	GlobalSection(SolutionConfigurationPlatforms) = preSolution
		Debug|Any CPU = Debug|Any CPU
		Release|Any CPU = Release|Any CPU
	EndGlobalSection
	GlobalSection(ProjectConfigurationPlatforms) = postSolution
		{96B185EC-C871-48DB-BAA1-EBA5C1946A75}.Debug|Any CPU.ActiveCfg = Debug|Any CPU
		{96B185EC-C871-48DB-BAA1-EBA5C1946A75}.Debug|Any CPU.Build.0 = Debug|Any CPU
		{96B185EC-C871-48DB-BAA1-EBA5C1946A75}.Release|Any CPU.ActiveCfg = Release|Any CPU
		{96B185EC-C871-48DB-BAA1-EBA5C1946A75}.Release|Any CPU.Build.0 = Release|Any CPU
	EndGlobalSection
	GlobalSection(SolutionProperties) = preSolution
		HideSolutionNode = FALSE
	EndGlobalSection
	GlobalSection(ExtensibilityGlobals) = postSolution
		SolutionGuid = {D4F0F64D-C16B-4ACB-B351-12A93A49B2B6}
	EndGlobalSection
EndGlobal
